
Microsoft Visual Studio Solution File, Format Version 12.00
# Visual Studio 15
VisualStudioVersion = 15.0.27428.2043
MinimumVisualStudioVersion = 10.0.40219.1
Project("{FAE04EC0-301F-11D3-BF4B-00C04F79EFBC}") = "Omnia.Fx.Demo", "Omnia.Fx.Demo\Omnia.Fx.Demo.csproj", "{FEA58DA2-49A7-41D2-96D2-384745F1972E}"
EndProject
Global
	GlobalSection(SolutionConfigurationPlatforms) = preSolution
		Debug|Any CPU = Debug|Any CPU
		Release|Any CPU = Release|Any CPU
	EndGlobalSection
	GlobalSection(ProjectConfigurationPlatforms) = postSolution
		{FEA58DA2-49A7-41D2-96D2-384745F1972E}.Debug|Any CPU.ActiveCfg = Debug|Any CPU
		{FEA58DA2-49A7-41D2-96D2-384745F1972E}.Debug|Any CPU.Build.0 = Debug|Any CPU
		{FEA58DA2-49A7-41D2-96D2-384745F1972E}.Release|Any CPU.ActiveCfg = Release|Any CPU
		{FEA58DA2-49A7-41D2-96D2-384745F1972E}.Release|Any CPU.Build.0 = Release|Any CPU
	EndGlobalSection
	GlobalSection(SolutionProperties) = preSolution
		HideSolutionNode = FALSE
	EndGlobalSection
	GlobalSection(ExtensibilityGlobals) = postSolution
		SolutionGuid = {8837CA55-35A1-4393-A4F9-4A880C15F6FB}
	EndGlobalSection
EndGlobal
