
Microsoft Visual Studio Solution File, Format Version 12.00
# Visual Studio 15
VisualStudioVersion = 15.0.27703.2000
MinimumVisualStudioVersion = 10.0.40219.1
Project("{9A19103F-16F7-4668-BE54-9A1E7A4F7556}") = "Omnia.Fx.Test", "Omnia.Fx.Test\Omnia.Fx.Test.csproj", "{AEC03A8F-A1A4-4885-A415-C78DE18EA1A2}"
EndProject
Global
	GlobalSection(SolutionConfigurationPlatforms) = preSolution
		Debug|Any CPU = Debug|Any CPU
		Release|Any CPU = Release|Any CPU
	EndGlobalSection
	GlobalSection(ProjectConfigurationPlatforms) = postSolution
		{AEC03A8F-A1A4-4885-A415-C78DE18EA1A2}.Debug|Any CPU.ActiveCfg = Debug|Any CPU
		{AEC03A8F-A1A4-4885-A415-C78DE18EA1A2}.Debug|Any CPU.Build.0 = Debug|Any CPU
		{AEC03A8F-A1A4-4885-A415-C78DE18EA1A2}.Release|Any CPU.ActiveCfg = Release|Any CPU
		{AEC03A8F-A1A4-4885-A415-C78DE18EA1A2}.Release|Any CPU.Build.0 = Release|Any CPU
	EndGlobalSection
	GlobalSection(SolutionProperties) = preSolution
		HideSolutionNode = FALSE
	EndGlobalSection
	GlobalSection(ExtensibilityGlobals) = postSolution
		SolutionGuid = {42BB8088-4693-478B-B456-8B793C605B21}
	EndGlobalSection
EndGlobal
